
Microsoft Visual Studio Solution File, Format Version 12.00
# Visual Studio Version 16
VisualStudioVersion = 16.0.30114.105
MinimumVisualStudioVersion = 10.0.40219.1
Project("{FAE04EC0-301F-11D3-BF4B-00C04F79EFBC}") = "MIW-ProductService.Api", "MIW-ProductService.Api\MIW-ProductService.Api.csproj", "{DBC8AAA5-2ADC-4628-BBCD-1BCE0FF01C40}"
EndProject
Project("{FAE04EC0-301F-11D3-BF4B-00C04F79EFBC}") = "MIW-ProductService.Core", "MIW-ProductService.Core\MIW-ProductService.Core.csproj", "{902DEC48-1702-474D-92FB-C35E4FD8F8E5}"
EndProject
Project("{FAE04EC0-301F-11D3-BF4B-00C04F79EFBC}") = "MIW-ProductService.Dal", "MIW-ProductService.Dal\MIW-ProductService.Dal.csproj", "{14CA8997-0FB9-4F59-964C-3465D137FFE2}"
EndProject
Project("{FAE04EC0-301F-11D3-BF4B-00C04F79EFBC}") = "MIW-ProductService.Messaging", "MIW-ProductService.Messaging\MIW-ProductService.Messaging.csproj", "{BBDF5C0C-7F38-4236-8586-FC1BA8C02CA0}"
EndProject
Global
	GlobalSection(SolutionConfigurationPlatforms) = preSolution
		Debug|Any CPU = Debug|Any CPU
		Debug|x64 = Debug|x64
		Debug|x86 = Debug|x86
		Release|Any CPU = Release|Any CPU
		Release|x64 = Release|x64
		Release|x86 = Release|x86
	EndGlobalSection
	GlobalSection(SolutionProperties) = preSolution
		HideSolutionNode = FALSE
	EndGlobalSection
	GlobalSection(ProjectConfigurationPlatforms) = postSolution
		{DBC8AAA5-2ADC-4628-BBCD-1BCE0FF01C40}.Debug|Any CPU.ActiveCfg = Debug|Any CPU
		{DBC8AAA5-2ADC-4628-BBCD-1BCE0FF01C40}.Debug|Any CPU.Build.0 = Debug|Any CPU
		{DBC8AAA5-2ADC-4628-BBCD-1BCE0FF01C40}.Debug|x64.ActiveCfg = Debug|Any CPU
		{DBC8AAA5-2ADC-4628-BBCD-1BCE0FF01C40}.Debug|x64.Build.0 = Debug|Any CPU
		{DBC8AAA5-2ADC-4628-BBCD-1BCE0FF01C40}.Debug|x86.ActiveCfg = Debug|Any CPU
		{DBC8AAA5-2ADC-4628-BBCD-1BCE0FF01C40}.Debug|x86.Build.0 = Debug|Any CPU
		{DBC8AAA5-2ADC-4628-BBCD-1BCE0FF01C40}.Release|Any CPU.ActiveCfg = Release|Any CPU
		{DBC8AAA5-2ADC-4628-BBCD-1BCE0FF01C40}.Release|Any CPU.Build.0 = Release|Any CPU
		{DBC8AAA5-2ADC-4628-BBCD-1BCE0FF01C40}.Release|x64.ActiveCfg = Release|Any CPU
		{DBC8AAA5-2ADC-4628-BBCD-1BCE0FF01C40}.Release|x64.Build.0 = Release|Any CPU
		{DBC8AAA5-2ADC-4628-BBCD-1BCE0FF01C40}.Release|x86.ActiveCfg = Release|Any CPU
		{DBC8AAA5-2ADC-4628-BBCD-1BCE0FF01C40}.Release|x86.Build.0 = Release|Any CPU
		{902DEC48-1702-474D-92FB-C35E4FD8F8E5}.Debug|Any CPU.ActiveCfg = Debug|Any CPU
		{902DEC48-1702-474D-92FB-C35E4FD8F8E5}.Debug|Any CPU.Build.0 = Debug|Any CPU
		{902DEC48-1702-474D-92FB-C35E4FD8F8E5}.Debug|x64.ActiveCfg = Debug|Any CPU
		{902DEC48-1702-474D-92FB-C35E4FD8F8E5}.Debug|x64.Build.0 = Debug|Any CPU
		{902DEC48-1702-474D-92FB-C35E4FD8F8E5}.Debug|x86.ActiveCfg = Debug|Any CPU
		{902DEC48-1702-474D-92FB-C35E4FD8F8E5}.Debug|x86.Build.0 = Debug|Any CPU
		{902DEC48-1702-474D-92FB-C35E4FD8F8E5}.Release|Any CPU.ActiveCfg = Release|Any CPU
		{902DEC48-1702-474D-92FB-C35E4FD8F8E5}.Release|Any CPU.Build.0 = Release|Any CPU
		{902DEC48-1702-474D-92FB-C35E4FD8F8E5}.Release|x64.ActiveCfg = Release|Any CPU
		{902DEC48-1702-474D-92FB-C35E4FD8F8E5}.Release|x64.Build.0 = Release|Any CPU
		{902DEC48-1702-474D-92FB-C35E4FD8F8E5}.Release|x86.ActiveCfg = Release|Any CPU
		{902DEC48-1702-474D-92FB-C35E4FD8F8E5}.Release|x86.Build.0 = Release|Any CPU
		{14CA8997-0FB9-4F59-964C-3465D137FFE2}.Debug|Any CPU.ActiveCfg = Debug|Any CPU
		{14CA8997-0FB9-4F59-964C-3465D137FFE2}.Debug|Any CPU.Build.0 = Debug|Any CPU
		{14CA8997-0FB9-4F59-964C-3465D137FFE2}.Debug|x64.ActiveCfg = Debug|Any CPU
		{14CA8997-0FB9-4F59-964C-3465D137FFE2}.Debug|x64.Build.0 = Debug|Any CPU
		{14CA8997-0FB9-4F59-964C-3465D137FFE2}.Debug|x86.ActiveCfg = Debug|Any CPU
		{14CA8997-0FB9-4F59-964C-3465D137FFE2}.Debug|x86.Build.0 = Debug|Any CPU
		{14CA8997-0FB9-4F59-964C-3465D137FFE2}.Release|Any CPU.ActiveCfg = Release|Any CPU
		{14CA8997-0FB9-4F59-964C-3465D137FFE2}.Release|Any CPU.Build.0 = Release|Any CPU
		{14CA8997-0FB9-4F59-964C-3465D137FFE2}.Release|x64.ActiveCfg = Release|Any CPU
		{14CA8997-0FB9-4F59-964C-3465D137FFE2}.Release|x64.Build.0 = Release|Any CPU
		{14CA8997-0FB9-4F59-964C-3465D137FFE2}.Release|x86.ActiveCfg = Release|Any CPU
		{14CA8997-0FB9-4F59-964C-3465D137FFE2}.Release|x86.Build.0 = Release|Any CPU
		{BBDF5C0C-7F38-4236-8586-FC1BA8C02CA0}.Debug|Any CPU.ActiveCfg = Debug|Any CPU
		{BBDF5C0C-7F38-4236-8586-FC1BA8C02CA0}.Debug|Any CPU.Build.0 = Debug|Any CPU
		{BBDF5C0C-7F38-4236-8586-FC1BA8C02CA0}.Debug|x64.ActiveCfg = Debug|Any CPU
		{BBDF5C0C-7F38-4236-8586-FC1BA8C02CA0}.Debug|x64.Build.0 = Debug|Any CPU
		{BBDF5C0C-7F38-4236-8586-FC1BA8C02CA0}.Debug|x86.ActiveCfg = Debug|Any CPU
		{BBDF5C0C-7F38-4236-8586-FC1BA8C02CA0}.Debug|x86.Build.0 = Debug|Any CPU
		{BBDF5C0C-7F38-4236-8586-FC1BA8C02CA0}.Release|Any CPU.ActiveCfg = Release|Any CPU
		{BBDF5C0C-7F38-4236-8586-FC1BA8C02CA0}.Release|Any CPU.Build.0 = Release|Any CPU
		{BBDF5C0C-7F38-4236-8586-FC1BA8C02CA0}.Release|x64.ActiveCfg = Release|Any CPU
		{BBDF5C0C-7F38-4236-8586-FC1BA8C02CA0}.Release|x64.Build.0 = Release|Any CPU
		{BBDF5C0C-7F38-4236-8586-FC1BA8C02CA0}.Release|x86.ActiveCfg = Release|Any CPU
		{BBDF5C0C-7F38-4236-8586-FC1BA8C02CA0}.Release|x86.Build.0 = Release|Any CPU
	EndGlobalSection
EndGlobal
