
Microsoft Visual Studio Solution File, Format Version 12.00
# Visual Studio Version 16
VisualStudioVersion = 16.0.30114.105
MinimumVisualStudioVersion = 10.0.40219.1
Project("{FAE04EC0-301F-11D3-BF4B-00C04F79EFBC}") = "MIW-ProductService.Api", "MIW-ProductService.Api\MIW-ProductService.Api.csproj", "{71ED9E66-0597-4947-B196-0E7FBB4C7986}"
EndProject
Project("{FAE04EC0-301F-11D3-BF4B-00C04F79EFBC}") = "MIW-ProductService.Core", "MIW-ProductService.Core\MIW-ProductService.Core.csproj", "{A9804982-23DE-412A-B607-0E1206B7F89F}"
EndProject
Project("{FAE04EC0-301F-11D3-BF4B-00C04F79EFBC}") = "MIW-ProductService.Dal", "MIW-ProductService.Dal\MIW-ProductService.Dal.csproj", "{996FC938-9840-460F-A762-3A71DD7F18A4}"
EndProject
Project("{FAE04EC0-301F-11D3-BF4B-00C04F79EFBC}") = "MIW-ProductService.Messaging", "MIW-ProductService.Messaging\MIW-ProductService.Messaging.csproj", "{701C1064-D5C7-4584-A1AE-BF687EF96027}"
EndProject
Global
	GlobalSection(SolutionConfigurationPlatforms) = preSolution
		Debug|Any CPU = Debug|Any CPU
		Debug|x64 = Debug|x64
		Debug|x86 = Debug|x86
		Release|Any CPU = Release|Any CPU
		Release|x64 = Release|x64
		Release|x86 = Release|x86
	EndGlobalSection
	GlobalSection(SolutionProperties) = preSolution
		HideSolutionNode = FALSE
	EndGlobalSection
	GlobalSection(ProjectConfigurationPlatforms) = postSolution
		{A9804982-23DE-412A-B607-0E1206B7F89F}.Debug|Any CPU.ActiveCfg = Debug|Any CPU
		{A9804982-23DE-412A-B607-0E1206B7F89F}.Debug|Any CPU.Build.0 = Debug|Any CPU
		{A9804982-23DE-412A-B607-0E1206B7F89F}.Debug|x64.ActiveCfg = Debug|Any CPU
		{A9804982-23DE-412A-B607-0E1206B7F89F}.Debug|x64.Build.0 = Debug|Any CPU
		{A9804982-23DE-412A-B607-0E1206B7F89F}.Debug|x86.ActiveCfg = Debug|Any CPU
		{A9804982-23DE-412A-B607-0E1206B7F89F}.Debug|x86.Build.0 = Debug|Any CPU
		{A9804982-23DE-412A-B607-0E1206B7F89F}.Release|Any CPU.ActiveCfg = Release|Any CPU
		{A9804982-23DE-412A-B607-0E1206B7F89F}.Release|Any CPU.Build.0 = Release|Any CPU
		{A9804982-23DE-412A-B607-0E1206B7F89F}.Release|x64.ActiveCfg = Release|Any CPU
		{A9804982-23DE-412A-B607-0E1206B7F89F}.Release|x64.Build.0 = Release|Any CPU
		{A9804982-23DE-412A-B607-0E1206B7F89F}.Release|x86.ActiveCfg = Release|Any CPU
		{A9804982-23DE-412A-B607-0E1206B7F89F}.Release|x86.Build.0 = Release|Any CPU
		{996FC938-9840-460F-A762-3A71DD7F18A4}.Debug|Any CPU.ActiveCfg = Debug|Any CPU
		{996FC938-9840-460F-A762-3A71DD7F18A4}.Debug|Any CPU.Build.0 = Debug|Any CPU
		{996FC938-9840-460F-A762-3A71DD7F18A4}.Debug|x64.ActiveCfg = Debug|Any CPU
		{996FC938-9840-460F-A762-3A71DD7F18A4}.Debug|x64.Build.0 = Debug|Any CPU
		{996FC938-9840-460F-A762-3A71DD7F18A4}.Debug|x86.ActiveCfg = Debug|Any CPU
		{996FC938-9840-460F-A762-3A71DD7F18A4}.Debug|x86.Build.0 = Debug|Any CPU
		{996FC938-9840-460F-A762-3A71DD7F18A4}.Release|Any CPU.ActiveCfg = Release|Any CPU
		{996FC938-9840-460F-A762-3A71DD7F18A4}.Release|Any CPU.Build.0 = Release|Any CPU
		{996FC938-9840-460F-A762-3A71DD7F18A4}.Release|x64.ActiveCfg = Release|Any CPU
		{996FC938-9840-460F-A762-3A71DD7F18A4}.Release|x64.Build.0 = Release|Any CPU
		{996FC938-9840-460F-A762-3A71DD7F18A4}.Release|x86.ActiveCfg = Release|Any CPU
		{996FC938-9840-460F-A762-3A71DD7F18A4}.Release|x86.Build.0 = Release|Any CPU
		{701C1064-D5C7-4584-A1AE-BF687EF96027}.Debug|Any CPU.ActiveCfg = Debug|Any CPU
		{701C1064-D5C7-4584-A1AE-BF687EF96027}.Debug|Any CPU.Build.0 = Debug|Any CPU
		{701C1064-D5C7-4584-A1AE-BF687EF96027}.Debug|x64.ActiveCfg = Debug|Any CPU
		{701C1064-D5C7-4584-A1AE-BF687EF96027}.Debug|x64.Build.0 = Debug|Any CPU
		{701C1064-D5C7-4584-A1AE-BF687EF96027}.Debug|x86.ActiveCfg = Debug|Any CPU
		{701C1064-D5C7-4584-A1AE-BF687EF96027}.Debug|x86.Build.0 = Debug|Any CPU
		{701C1064-D5C7-4584-A1AE-BF687EF96027}.Release|Any CPU.ActiveCfg = Release|Any CPU
		{701C1064-D5C7-4584-A1AE-BF687EF96027}.Release|Any CPU.Build.0 = Release|Any CPU
		{701C1064-D5C7-4584-A1AE-BF687EF96027}.Release|x64.ActiveCfg = Release|Any CPU
		{701C1064-D5C7-4584-A1AE-BF687EF96027}.Release|x64.Build.0 = Release|Any CPU
		{701C1064-D5C7-4584-A1AE-BF687EF96027}.Release|x86.ActiveCfg = Release|Any CPU
		{701C1064-D5C7-4584-A1AE-BF687EF96027}.Release|x86.Build.0 = Release|Any CPU
		{71ED9E66-0597-4947-B196-0E7FBB4C7986}.Debug|Any CPU.ActiveCfg = Debug|Any CPU
		{71ED9E66-0597-4947-B196-0E7FBB4C7986}.Debug|Any CPU.Build.0 = Debug|Any CPU
	EndGlobalSection
EndGlobal
